{
  "originHash" : "41540d66ec0dbf4ddb2d8bac9bd72f31ee178d9dce511346b9547fcdbc12406b",
  "pins" : [
    {
      "identity" : "swift-argument-parser",
      "kind" : "remoteSourceControl",
      "location" : "https://github.com/apple/swift-argument-parser",
      "state" : {
        "revision" : "41982a3656a71c768319979febd796c6fd111d5c",
        "version" : "1.5.0"
      }
    },
    {
      "identity" : "swift-collections",
      "kind" : "remoteSourceControl",
      "location" : "https://github.com/apple/swift-collections.git",
      "state" : {
        "revision" : "671108c96644956dddcd89dd59c203dcdb36cec7",
        "version" : "1.1.4"
      }
    },
    {
      "identity" : "swiftsdl",
      "kind" : "remoteSourceControl",
      "location" : "https://github.com/KevinVitale/SwiftSDL.git",
      "state" : {
        "revision" : "598da41ea35eea76befa81182f9ad6a2465ff8f7",
        "version" : "0.2.0-alpha.8"
      }
    }
  ],
  "version" : 3
}
