{
  "originHash" : "dbb22cb8b7db75c4a01b32341a694a1eeac4773a8bf6dd8d35e35e65962e6a87",
  "pins" : [
    {
      "identity" : "swift-argument-parser",
      "kind" : "remoteSourceControl",
      "location" : "https://github.com/apple/swift-argument-parser",
      "state" : {
        "revision" : "41982a3656a71c768319979febd796c6fd111d5c",
        "version" : "1.5.0"
      }
    },
    {
      "identity" : "swift-collections",
      "kind" : "remoteSourceControl",
      "location" : "https://github.com/apple/swift-collections.git",
      "state" : {
        "revision" : "671108c96644956dddcd89dd59c203dcdb36cec7",
        "version" : "1.1.4"
      }
    },
    {
      "identity" : "swiftsdl",
      "kind" : "remoteSourceControl",
      "location" : "https://github.com/KevinVitale/SwiftSDL.git",
      "state" : {
        "revision" : "1c4a2e7f3a24cb1c227026a44a995361a389779c",
        "version" : "0.2.0-alpha.4"
      }
    }
  ],
  "version" : 3
}
